
Microsoft Visual Studio Solution File, Format Version 12.00
# Visual Studio Version 17
VisualStudioVersion = 17.8.34309.116
MinimumVisualStudioVersion = 10.0.40219.1
Project("{9A19103F-16F7-4668-BE54-9A1E7A4F7556}") = "Ex01", "Ex01\Ex01.csproj", "{F2D209FA-3159-4B1C-A502-935F45ADEA54}"
EndProject
Project("{9A19103F-16F7-4668-BE54-9A1E7A4F7556}") = "Ex02_MatrixMultiply", "Ex02_MatrixMultiply\Ex02_MatrixMultiply.csproj", "{A65629D5-4829-43E0-8CAD-B6D1AFFB1C22}"
EndProject
Project("{FAE04EC0-301F-11D3-BF4B-00C04F79EFBC}") = "Ex03", "Ex03\Ex03.csproj", "{A07F5A91-0552-403A-BFE2-271308F49056}"
EndProject
Global
	GlobalSection(SolutionConfigurationPlatforms) = preSolution
		Debug|Any CPU = Debug|Any CPU
		Release|Any CPU = Release|Any CPU
	EndGlobalSection
	GlobalSection(ProjectConfigurationPlatforms) = postSolution
		{F2D209FA-3159-4B1C-A502-935F45ADEA54}.Debug|Any CPU.ActiveCfg = Debug|Any CPU
		{F2D209FA-3159-4B1C-A502-935F45ADEA54}.Debug|Any CPU.Build.0 = Debug|Any CPU
		{F2D209FA-3159-4B1C-A502-935F45ADEA54}.Release|Any CPU.ActiveCfg = Release|Any CPU
		{F2D209FA-3159-4B1C-A502-935F45ADEA54}.Release|Any CPU.Build.0 = Release|Any CPU
		{A65629D5-4829-43E0-8CAD-B6D1AFFB1C22}.Debug|Any CPU.ActiveCfg = Debug|Any CPU
		{A65629D5-4829-43E0-8CAD-B6D1AFFB1C22}.Debug|Any CPU.Build.0 = Debug|Any CPU
		{A65629D5-4829-43E0-8CAD-B6D1AFFB1C22}.Release|Any CPU.ActiveCfg = Release|Any CPU
		{A65629D5-4829-43E0-8CAD-B6D1AFFB1C22}.Release|Any CPU.Build.0 = Release|Any CPU
		{A07F5A91-0552-403A-BFE2-271308F49056}.Debug|Any CPU.ActiveCfg = Debug|Any CPU
		{A07F5A91-0552-403A-BFE2-271308F49056}.Debug|Any CPU.Build.0 = Debug|Any CPU
		{A07F5A91-0552-403A-BFE2-271308F49056}.Release|Any CPU.ActiveCfg = Release|Any CPU
		{A07F5A91-0552-403A-BFE2-271308F49056}.Release|Any CPU.Build.0 = Release|Any CPU
	EndGlobalSection
	GlobalSection(SolutionProperties) = preSolution
		HideSolutionNode = FALSE
	EndGlobalSection
	GlobalSection(ExtensibilityGlobals) = postSolution
		SolutionGuid = {773563B3-9469-4623-8C58-8FE8BCDDEB0E}
	EndGlobalSection
EndGlobal
