
Microsoft Visual Studio Solution File, Format Version 12.00
# Visual Studio Version 17
VisualStudioVersion = 17.8.34309.116
MinimumVisualStudioVersion = 10.0.40219.1
Project("{FAE04EC0-301F-11D3-BF4B-00C04F79EFBC}") = "Root_Tuple", "Root_Tuple\Root_Tuple.csproj", "{BFE1FFBA-3866-46D2-A9B2-96D63E0BA20E}"
EndProject
Global
	GlobalSection(SolutionConfigurationPlatforms) = preSolution
		Debug|Any CPU = Debug|Any CPU
		Release|Any CPU = Release|Any CPU
	EndGlobalSection
	GlobalSection(ProjectConfigurationPlatforms) = postSolution
		{BFE1FFBA-3866-46D2-A9B2-96D63E0BA20E}.Debug|Any CPU.ActiveCfg = Debug|Any CPU
		{BFE1FFBA-3866-46D2-A9B2-96D63E0BA20E}.Debug|Any CPU.Build.0 = Debug|Any CPU
		{BFE1FFBA-3866-46D2-A9B2-96D63E0BA20E}.Release|Any CPU.ActiveCfg = Release|Any CPU
		{BFE1FFBA-3866-46D2-A9B2-96D63E0BA20E}.Release|Any CPU.Build.0 = Release|Any CPU
	EndGlobalSection
	GlobalSection(SolutionProperties) = preSolution
		HideSolutionNode = FALSE
	EndGlobalSection
	GlobalSection(ExtensibilityGlobals) = postSolution
		SolutionGuid = {5AD8AFE1-9E56-4D35-8F2F-85D42410A813}
	EndGlobalSection
EndGlobal
