
Microsoft Visual Studio Solution File, Format Version 12.00
# Visual Studio Version 17
VisualStudioVersion = 17.8.34309.116
MinimumVisualStudioVersion = 10.0.40219.1
Project("{FAE04EC0-301F-11D3-BF4B-00C04F79EFBC}") = "Ex01_Book", "Ex01_Book\Ex01_Book.csproj", "{F7989892-D026-4FBB-90CA-D06045C3E48A}"
EndProject
Project("{FAE04EC0-301F-11D3-BF4B-00C04F79EFBC}") = "Ex02_Item", "Ex02_Item\Ex02_Item.csproj", "{EA26F6E6-5C97-4962-8F9E-30356D8400A6}"
EndProject
Project("{FAE04EC0-301F-11D3-BF4B-00C04F79EFBC}") = "Ex03_vittual_override", "Ex03_vittual_override\Ex03_vittual_override.csproj", "{DE252159-8326-4F8F-8947-E6012ACF18FB}"
EndProject
Project("{FAE04EC0-301F-11D3-BF4B-00C04F79EFBC}") = "Ex04_I", "Ex04_I\Ex04_I.csproj", "{D37E0C56-9422-4F6F-B551-203185FED9C5}"
EndProject
Project("{FAE04EC0-301F-11D3-BF4B-00C04F79EFBC}") = "Ex05_Hierarchy_of_Figures", "Ex05_Hierarchy_of_Figures\Ex05_Hierarchy_of_Figures.csproj", "{070BB80E-4137-4679-95C1-C982F85CB787}"
EndProject
Global
	GlobalSection(SolutionConfigurationPlatforms) = preSolution
		Debug|Any CPU = Debug|Any CPU
		Release|Any CPU = Release|Any CPU
	EndGlobalSection
	GlobalSection(ProjectConfigurationPlatforms) = postSolution
		{F7989892-D026-4FBB-90CA-D06045C3E48A}.Debug|Any CPU.ActiveCfg = Debug|Any CPU
		{F7989892-D026-4FBB-90CA-D06045C3E48A}.Debug|Any CPU.Build.0 = Debug|Any CPU
		{F7989892-D026-4FBB-90CA-D06045C3E48A}.Release|Any CPU.ActiveCfg = Release|Any CPU
		{F7989892-D026-4FBB-90CA-D06045C3E48A}.Release|Any CPU.Build.0 = Release|Any CPU
		{EA26F6E6-5C97-4962-8F9E-30356D8400A6}.Debug|Any CPU.ActiveCfg = Debug|Any CPU
		{EA26F6E6-5C97-4962-8F9E-30356D8400A6}.Debug|Any CPU.Build.0 = Debug|Any CPU
		{EA26F6E6-5C97-4962-8F9E-30356D8400A6}.Release|Any CPU.ActiveCfg = Release|Any CPU
		{EA26F6E6-5C97-4962-8F9E-30356D8400A6}.Release|Any CPU.Build.0 = Release|Any CPU
		{DE252159-8326-4F8F-8947-E6012ACF18FB}.Debug|Any CPU.ActiveCfg = Debug|Any CPU
		{DE252159-8326-4F8F-8947-E6012ACF18FB}.Debug|Any CPU.Build.0 = Debug|Any CPU
		{DE252159-8326-4F8F-8947-E6012ACF18FB}.Release|Any CPU.ActiveCfg = Release|Any CPU
		{DE252159-8326-4F8F-8947-E6012ACF18FB}.Release|Any CPU.Build.0 = Release|Any CPU
		{D37E0C56-9422-4F6F-B551-203185FED9C5}.Debug|Any CPU.ActiveCfg = Debug|Any CPU
		{D37E0C56-9422-4F6F-B551-203185FED9C5}.Debug|Any CPU.Build.0 = Debug|Any CPU
		{D37E0C56-9422-4F6F-B551-203185FED9C5}.Release|Any CPU.ActiveCfg = Release|Any CPU
		{D37E0C56-9422-4F6F-B551-203185FED9C5}.Release|Any CPU.Build.0 = Release|Any CPU
		{070BB80E-4137-4679-95C1-C982F85CB787}.Debug|Any CPU.ActiveCfg = Debug|Any CPU
		{070BB80E-4137-4679-95C1-C982F85CB787}.Debug|Any CPU.Build.0 = Debug|Any CPU
		{070BB80E-4137-4679-95C1-C982F85CB787}.Release|Any CPU.ActiveCfg = Release|Any CPU
		{070BB80E-4137-4679-95C1-C982F85CB787}.Release|Any CPU.Build.0 = Release|Any CPU
	EndGlobalSection
	GlobalSection(SolutionProperties) = preSolution
		HideSolutionNode = FALSE
	EndGlobalSection
	GlobalSection(ExtensibilityGlobals) = postSolution
		SolutionGuid = {96553EA4-0510-492B-B90F-368644B1439B}
	EndGlobalSection
EndGlobal
